
Microsoft Visual Studio Solution File, Format Version 12.00
# Visual Studio Version 17
VisualStudioVersion = 17.5.002.0
MinimumVisualStudioVersion = 10.0.40219.1
Project("{9A19103F-16F7-4668-BE54-9A1E7A4F7556}") = "API.Helpers.Utilities", "API.Helpers.Utilities\API.Helpers.Utilities.csproj", "{A8E9ED72-D3F0-4A23-B39B-DA4ED977C0D3}"
EndProject
Global
	GlobalSection(SolutionConfigurationPlatforms) = preSolution
		Debug|Any CPU = Debug|Any CPU
		Release|Any CPU = Release|Any CPU
	EndGlobalSection
	GlobalSection(ProjectConfigurationPlatforms) = postSolution
		{A8E9ED72-D3F0-4A23-B39B-DA4ED977C0D3}.Debug|Any CPU.ActiveCfg = Debug|Any CPU
		{A8E9ED72-D3F0-4A23-B39B-DA4ED977C0D3}.Debug|Any CPU.Build.0 = Debug|Any CPU
		{A8E9ED72-D3F0-4A23-B39B-DA4ED977C0D3}.Release|Any CPU.ActiveCfg = Release|Any CPU
		{A8E9ED72-D3F0-4A23-B39B-DA4ED977C0D3}.Release|Any CPU.Build.0 = Release|Any CPU
	EndGlobalSection
	GlobalSection(SolutionProperties) = preSolution
		HideSolutionNode = FALSE
	EndGlobalSection
	GlobalSection(ExtensibilityGlobals) = postSolution
		SolutionGuid = {A9C6C19F-3154-42F0-ACCD-659AB636D2B7}
	EndGlobalSection
EndGlobal
